PODS:
  - Alamofire (4.5.1)
  - KeychainSwift (7.0.1)
  - PromiseKit (4.4.3):
    - PromiseKit/Foundation (= 4.4.3)
    - PromiseKit/QuartzCore (= 4.4.3)
    - PromiseKit/UIKit (= 4.4.3)
  - PromiseKit/CorePromise (4.4.3)
  - PromiseKit/Foundation (4.4.3):
    - PromiseKit/CorePromise
  - PromiseKit/QuartzCore (4.4.3):
    - PromiseKit/CorePromise
  - PromiseKit/UIKit (4.4.3):
    - PromiseKit/CorePromise
  - SwiftyJSON (4.0.0-alpha.1)

DEPENDENCIES:
  - Alamofire (~> 4.3)
  - KeychainSwift (~> 7.0)
  - PromiseKit (~> 4.4)
  - SwiftyJSON (from `https://github.com/SwiftyJSON/SwiftyJSON.git`)

SPEC REPOS:
  https://github.com/cocoapods/specs.git:
    - Alamofire
    - KeychainSwift
    - PromiseKit

EXTERNAL SOURCES:
  SwiftyJSON:
    :git: https://github.com/SwiftyJSON/SwiftyJSON.git

CHECKOUT OPTIONS:
  SwiftyJSON:
    :commit: e1b9090415109b61b6f16b97c75399ed1bec5e62
    :git: https://github.com/SwiftyJSON/SwiftyJSON.git

SPEC CHECKSUMS:
  Alamofire: 2d95912bf4c34f164fdfc335872e8c312acaea4a
  KeychainSwift: 7e15d26b1d6fc504a5eadb89a3e8ab17b2d3573a
  PromiseKit: fbb52a0d154402c57eeb6eccd36dd7724fcf6117
  SwiftyJSON: c4d27c2ca659d5c91460cd17cc60fd212b26074d

PODFILE CHECKSUM: da04f50e274da2233530ee8f8ca51bfc73b057c5

COCOAPODS: 1.5.3
